
Microsoft Visual Studio Solution File, Format Version 12.00
# Visual Studio Version 16
VisualStudioVersion = 16.0.31624.102
MinimumVisualStudioVersion = 10.0.40219.1
Project("{FAE04EC0-301F-11D3-BF4B-00C04F79EFBC}") = "xadrez_console", "xadrez_console\xadrez_console.csproj", "{AB05381D-A08D-4BA9-A9AC-A4553217B81E}"
EndProject
Global
	GlobalSection(SolutionConfigurationPlatforms) = preSolution
		Debug|Any CPU = Debug|Any CPU
		Release|Any CPU = Release|Any CPU
	EndGlobalSection
	GlobalSection(ProjectConfigurationPlatforms) = postSolution
		{AB05381D-A08D-4BA9-A9AC-A4553217B81E}.Debug|Any CPU.ActiveCfg = Debug|Any CPU
		{AB05381D-A08D-4BA9-A9AC-A4553217B81E}.Debug|Any CPU.Build.0 = Debug|Any CPU
		{AB05381D-A08D-4BA9-A9AC-A4553217B81E}.Release|Any CPU.ActiveCfg = Release|Any CPU
		{AB05381D-A08D-4BA9-A9AC-A4553217B81E}.Release|Any CPU.Build.0 = Release|Any CPU
	EndGlobalSection
	GlobalSection(SolutionProperties) = preSolution
		HideSolutionNode = FALSE
	EndGlobalSection
	GlobalSection(ExtensibilityGlobals) = postSolution
		SolutionGuid = {91ACDBB9-B646-489A-B218-BC71669CE318}
	EndGlobalSection
EndGlobal
